// !$*UTF8*$!
{
	archiveVersion = 1;
	classes = {
	};
	objectVersion = 77;
	objects = {

/* Begin PBXBuildFile section */
		0C03C3592DC92B560017B5EE /* WebKit.framework in Frameworks */ = {isa = PBXBuildFile; fileRef = 0C03C3572DC92B320017B5EE /* WebKit.framework */; };
		0C03C35D2DC92CAC0017B5EE /* UIKit.framework in Frameworks */ = {isa = PBXBuildFile; fileRef = 0C03C35C2DC92CAC0017B5EE /* UIKit.framework */; };
		0C03C35F2DC92CB80017B5EE /* Foundation.framework in Frameworks */ = {isa = PBXBuildFile; fileRef = 0C03C35E2DC92CB80017B5EE /* Foundation.framework */; };
		0C5D510A2DE3BCA60091A166 /* Kingfisher in Frameworks */ = {isa = PBXBuildFile; productRef = 0C5D51092DE3BCA60091A166 /* Kingfisher */; };
		0C5D510D2DE4F2690091A166 /* SwiftKeychainWrapper in Frameworks */ = {isa = PBXBuildFile; productRef = 0C5D510C2DE4F2690091A166 /* SwiftKeychainWrapper */; };
		0C6971922DD2BD0700C33ACC /* ProgressHUD in Frameworks */ = {isa = PBXBuildFile; productRef = 0C6971912DD2BD0700C33ACC /* ProgressHUD */; };
		0C9B8C722DF63F4D00C29C43 /* Foundation.framework in Frameworks */ = {isa = PBXBuildFile; fileRef = 0C03C35E2DC92CB80017B5EE /* Foundation.framework */; };
		0C9B8C742DF63F5800C29C43 /* ProgressHUD in Frameworks */ = {isa = PBXBuildFile; productRef = 0C9B8C732DF63F5800C29C43 /* ProgressHUD */; };
		0C9B8C762DF63F5C00C29C43 /* Kingfisher in Frameworks */ = {isa = PBXBuildFile; productRef = 0C9B8C752DF63F5C00C29C43 /* Kingfisher */; };
		0C9B8C782DF63F5F00C29C43 /* SwiftKeychainWrapper in Frameworks */ = {isa = PBXBuildFile; productRef = 0C9B8C772DF63F5F00C29C43 /* SwiftKeychainWrapper */; };
		0C9B8C792DF63F6C00C29C43 /* UIKit.framework in Frameworks */ = {isa = PBXBuildFile; fileRef = 0C03C35C2DC92CAC0017B5EE /* UIKit.framework */; };
		0C9B8C7A2DF63F7200C29C43 /* WebKit.framework in Frameworks */ = {isa = PBXBuildFile; fileRef = 0C03C3572DC92B320017B5EE /* WebKit.framework */; };
		0C9B8C7B2DF63F7B00C29C43 /* Foundation.framework in Frameworks */ = {isa = PBXBuildFile; fileRef = 0C03C35E2DC92CB80017B5EE /* Foundation.framework */; };
		0C9B8C7D2DF63F7E00C29C43 /* ProgressHUD in Frameworks */ = {isa = PBXBuildFile; productRef = 0C9B8C7C2DF63F7E00C29C43 /* ProgressHUD */; };
		0C9B8C7F2DF63F8100C29C43 /* Kingfisher in Frameworks */ = {isa = PBXBuildFile; productRef = 0C9B8C7E2DF63F8100C29C43 /* Kingfisher */; };
		0C9B8C812DF63F8400C29C43 /* SwiftKeychainWrapper in Frameworks */ = {isa = PBXBuildFile; productRef = 0C9B8C802DF63F8400C29C43 /* SwiftKeychainWrapper */; };
		0C9B8C822DF63F8B00C29C43 /* WebKit.framework in Frameworks */ = {isa = PBXBuildFile; fileRef = 0C03C3572DC92B320017B5EE /* WebKit.framework */; };
		0C9B8C832DF63F9100C29C43 /* UIKit.framework in Frameworks */ = {isa = PBXBuildFile; fileRef = 0C03C35C2DC92CAC0017B5EE /* UIKit.framework */; };
/* End PBXBuildFile section */

/* Begin PBXContainerItemProxy section */
		0C9B8BD22DF5A06A00C29C43 /* PBXContainerItemProxy */ = {
			isa = PBXContainerItemProxy;
			containerPortal = 0CCD17DD2D98580E0025573D /* Project object */;
			proxyType = 1;
			remoteGlobalIDString = 0CCD17E42D98580E0025573D;
			remoteInfo = ImageFeed;
		};
		0C9B8BE52DF5A54A00C29C43 /* PBXContainerItemProxy */ = {
			isa = PBXContainerItemProxy;
			containerPortal = 0CCD17DD2D98580E0025573D /* Project object */;
			proxyType = 1;
			remoteGlobalIDString = 0CCD17E42D98580E0025573D;
			remoteInfo = ImageFeed;
		};
/* End PBXContainerItemProxy section */

/* Begin PBXFileReference section */
		0C03C3572DC92B320017B5EE /* WebKit.framework */ = {isa = PBXFileReference; lastKnownFileType = wrapper.framework; name = WebKit.framework; path = System/Library/Frameworks/WebKit.framework; sourceTree = SDKROOT; };
		0C03C35C2DC92CAC0017B5EE /* UIKit.framework */ = {isa = PBXFileReference; lastKnownFileType = wrapper.framework; name = UIKit.framework; path = System/Library/Frameworks/UIKit.framework; sourceTree = SDKROOT; };
		0C03C35E2DC92CB80017B5EE /* Foundation.framework */ = {isa = PBXFileReference; lastKnownFileType = wrapper.framework; name = Foundation.framework; path = System/Library/Frameworks/Foundation.framework; sourceTree = SDKROOT; };
		0C9B8BCE2DF5A06A00C29C43 /* Image FeedTests.xctest */ = {isa = PBXFileReference; explicitFileType = wrapper.cfbundle; includeInIndex = 0; path = "Image FeedTests.xctest"; sourceTree = BUILT_PRODUCTS_DIR; };
		0C9B8BDF2DF5A54A00C29C43 /* Image FeedUITests.xctest */ = {isa = PBXFileReference; explicitFileType = wrapper.cfbundle; includeInIndex = 0; path = "Image FeedUITests.xctest"; sourceTree = BUILT_PRODUCTS_DIR; };
		0CCD17E52D98580E0025573D /* ImageFeed.app */ = {isa = PBXFileReference; explicitFileType = wrapper.application; includeInIndex = 0; path = ImageFeed.app; sourceTree = BUILT_PRODUCTS_DIR; };
/* End PBXFileReference section */

/* Begin PBXFileSystemSynchronizedBuildFileExceptionSet section */
		0CCD180D2D9858100025573D /* Exceptions for "ImageFeed" folder in "ImageFeed" target */ = {
			isa = PBXFileSystemSynchronizedBuildFileExceptionSet;
			membershipExceptions = (
				Info.plist,
			);
			target = 0CCD17E42D98580E0025573D /* ImageFeed */;
		};
/* End PBXFileSystemSynchronizedBuildFileExceptionSet section */

/* Begin PBXFileSystemSynchronizedRootGroup section */
		0C9B8BCF2DF5A06A00C29C43 /* Image FeedTests */ = {
			isa = PBXFileSystemSynchronizedRootGroup;
			path = "Image FeedTests";
			sourceTree = "<group>";
		};
		0C9B8BE02DF5A54A00C29C43 /* Image FeedUITests */ = {
			isa = PBXFileSystemSynchronizedRootGroup;
			path = "Image FeedUITests";
			sourceTree = "<group>";
		};
		0CCD17E72D98580E0025573D /* ImageFeed */ = {
			isa = PBXFileSystemSynchronizedRootGroup;
			exceptions = (
				0CCD180D2D9858100025573D /* Exceptions for "ImageFeed" folder in "ImageFeed" target */,
			);
			path = ImageFeed;
			sourceTree = "<group>";
		};
/* End PBXFileSystemSynchronizedRootGroup section */

/* Begin PBXFrameworksBuildPhase section */
		0C9B8BCB2DF5A06A00C29C43 /* Frameworks */ = {
			isa = PBXFrameworksBuildPhase;
			buildActionMask = 2147483647;
			files = (
				0C9B8C762DF63F5C00C29C43 /* Kingfisher in Frameworks */,
				0C9B8C722DF63F4D00C29C43 /* Foundation.framework in Frameworks */,
				0C9B8C7A2DF63F7200C29C43 /* WebKit.framework in Frameworks */,
				0C9B8C782DF63F5F00C29C43 /* SwiftKeychainWrapper in Frameworks */,
				0C9B8C742DF63F5800C29C43 /* ProgressHUD in Frameworks */,
				0C9B8C792DF63F6C00C29C43 /* UIKit.framework in Frameworks */,
			);
			runOnlyForDeploymentPostprocessing = 0;
		};
		0C9B8BDC2DF5A54A00C29C43 /* Frameworks */ = {
			isa = PBXFrameworksBuildPhase;
			buildActionMask = 2147483647;
			files = (
				0C9B8C822DF63F8B00C29C43 /* WebKit.framework in Frameworks */,
				0C9B8C832DF63F9100C29C43 /* UIKit.framework in Frameworks */,
				0C9B8C7F2DF63F8100C29C43 /* Kingfisher in Frameworks */,
				0C9B8C7B2DF63F7B00C29C43 /* Foundation.framework in Frameworks */,
				0C9B8C812DF63F8400C29C43 /* SwiftKeychainWrapper in Frameworks */,
				0C9B8C7D2DF63F7E00C29C43 /* ProgressHUD in Frameworks */,
			);
			runOnlyForDeploymentPostprocessing = 0;
		};
		0CCD17E22D98580E0025573D /* Frameworks */ = {
			isa = PBXFrameworksBuildPhase;
			buildActionMask = 2147483647;
			files = (
				0C03C3592DC92B560017B5EE /* WebKit.framework in Frameworks */,
				0C6971922DD2BD0700C33ACC /* ProgressHUD in Frameworks */,
				0C5D510D2DE4F2690091A166 /* SwiftKeychainWrapper in Frameworks */,
				0C03C35F2DC92CB80017B5EE /* Foundation.framework in Frameworks */,
				0C03C35D2DC92CAC0017B5EE /* UIKit.framework in Frameworks */,
				0C5D510A2DE3BCA60091A166 /* Kingfisher in Frameworks */,
			);
			runOnlyForDeploymentPostprocessing = 0;
		};
/* End PBXFrameworksBuildPhase section */

/* Begin PBXGroup section */
		0C03C3562DC92B310017B5EE /* Frameworks */ = {
			isa = PBXGroup;
			children = (
				0C03C35E2DC92CB80017B5EE /* Foundation.framework */,
				0C03C35C2DC92CAC0017B5EE /* UIKit.framework */,
				0C03C3572DC92B320017B5EE /* WebKit.framework */,
			);
			name = Frameworks;
			sourceTree = "<group>";
		};
		0CCD17DC2D98580E0025573D = {
			isa = PBXGroup;
			children = (
				0CCD17E72D98580E0025573D /* ImageFeed */,
				0C9B8BCF2DF5A06A00C29C43 /* Image FeedTests */,
				0C9B8BE02DF5A54A00C29C43 /* Image FeedUITests */,
				0C03C3562DC92B310017B5EE /* Frameworks */,
				0CCD17E62D98580E0025573D /* Products */,
			);
			sourceTree = "<group>";
		};
		0CCD17E62D98580E0025573D /* Products */ = {
			isa = PBXGroup;
			children = (
				0CCD17E52D98580E0025573D /* ImageFeed.app */,
				0C9B8BCE2DF5A06A00C29C43 /* Image FeedTests.xctest */,
				0C9B8BDF2DF5A54A00C29C43 /* Image FeedUITests.xctest */,
			);
			name = Products;
			sourceTree = "<group>";
		};
/* End PBXGroup section */

/* Begin PBXNativeTarget section */
		0C9B8BCD2DF5A06A00C29C43 /* Image FeedTests */ = {
			isa = PBXNativeTarget;
			buildConfigurationList = 0C9B8BD42DF5A06A00C29C43 /* Build configuration list for PBXNativeTarget "Image FeedTests" */;
			buildPhases = (
				0C9B8BCA2DF5A06A00C29C43 /* Sources */,
				0C9B8BCB2DF5A06A00C29C43 /* Frameworks */,
				0C9B8BCC2DF5A06A00C29C43 /* Resources */,
			);
			buildRules = (
			);
			dependencies = (
				0C9B8BD32DF5A06A00C29C43 /* PBXTargetDependency */,
			);
			fileSystemSynchronizedGroups = (
				0C9B8BCF2DF5A06A00C29C43 /* Image FeedTests */,
			);
			name = "Image FeedTests";
			packageProductDependencies = (
				0C9B8C732DF63F5800C29C43 /* ProgressHUD */,
				0C9B8C752DF63F5C00C29C43 /* Kingfisher */,
				0C9B8C772DF63F5F00C29C43 /* SwiftKeychainWrapper */,
			);
			productName = "Image FeedTests";
			productReference = 0C9B8BCE2DF5A06A00C29C43 /* Image FeedTests.xctest */;
			productType = "com.apple.product-type.bundle.unit-test";
		};
		0C9B8BDE2DF5A54A00C29C43 /* Image FeedUITests */ = {
			isa = PBXNativeTarget;
			buildConfigurationList = 0C9B8BE72DF5A54A00C29C43 /* Build configuration list for PBXNativeTarget "Image FeedUITests" */;
			buildPhases = (
				0C9B8BDB2DF5A54A00C29C43 /* Sources */,
				0C9B8BDC2DF5A54A00C29C43 /* Frameworks */,
				0C9B8BDD2DF5A54A00C29C43 /* Resources */,
			);
			buildRules = (
			);
			dependencies = (
				0C9B8BE62DF5A54A00C29C43 /* PBXTargetDependency */,
			);
			fileSystemSynchronizedGroups = (
				0C9B8BE02DF5A54A00C29C43 /* Image FeedUITests */,
			);
			name = "Image FeedUITests";
			packageProductDependencies = (
				0C9B8C7C2DF63F7E00C29C43 /* ProgressHUD */,
				0C9B8C7E2DF63F8100C29C43 /* Kingfisher */,
				0C9B8C802DF63F8400C29C43 /* SwiftKeychainWrapper */,
			);
			productName = "Image FeedUITests";
			productReference = 0C9B8BDF2DF5A54A00C29C43 /* Image FeedUITests.xctest */;
			productType = "com.apple.product-type.bundle.ui-testing";
		};
		0CCD17E42D98580E0025573D /* ImageFeed */ = {
			isa = PBXNativeTarget;
			buildConfigurationList = 0CCD180E2D9858100025573D /* Build configuration list for PBXNativeTarget "ImageFeed" */;
			buildPhases = (
				0CCD17E12D98580E0025573D /* Sources */,
				0CCD17E22D98580E0025573D /* Frameworks */,
				0CCD17E32D98580E0025573D /* Resources */,
			);
			buildRules = (
			);
			dependencies = (
			);
			fileSystemSynchronizedGroups = (
				0CCD17E72D98580E0025573D /* ImageFeed */,
			);
			name = ImageFeed;
			packageProductDependencies = (
				0C6971912DD2BD0700C33ACC /* ProgressHUD */,
				0C5D51092DE3BCA60091A166 /* Kingfisher */,
				0C5D510C2DE4F2690091A166 /* SwiftKeychainWrapper */,
			);
			productName = ImageFeed;
			productReference = 0CCD17E52D98580E0025573D /* ImageFeed.app */;
			productType = "com.apple.product-type.application";
		};
/* End PBXNativeTarget section */

/* Begin PBXProject section */
		0CCD17DD2D98580E0025573D /* Project object */ = {
			isa = PBXProject;
			attributes = {
				BuildIndependentTargetsInParallel = 1;
				LastSwiftUpdateCheck = 1610;
				LastUpgradeCheck = 1610;
				TargetAttributes = {
					0C9B8BCD2DF5A06A00C29C43 = {
						CreatedOnToolsVersion = 16.1;
						TestTargetID = 0CCD17E42D98580E0025573D;
					};
					0C9B8BDE2DF5A54A00C29C43 = {
						CreatedOnToolsVersion = 16.1;
						TestTargetID = 0CCD17E42D98580E0025573D;
					};
					0CCD17E42D98580E0025573D = {
						CreatedOnToolsVersion = 16.1;
					};
				};
			};
			buildConfigurationList = 0CCD17E02D98580E0025573D /* Build configuration list for PBXProject "ImageFeed" */;
			developmentRegion = en;
			hasScannedForEncodings = 0;
			knownRegions = (
				en,
				Base,
			);
			mainGroup = 0CCD17DC2D98580E0025573D;
			minimizedProjectReferenceProxies = 1;
			packageReferences = (
				0C6971902DD2BD0700C33ACC /* XCRemoteSwiftPackageReference "ProgressHUD" */,
				0C5D51082DE3BCA60091A166 /* XCRemoteSwiftPackageReference "Kingfisher" */,
				0C5D510B2DE4F2690091A166 /* XCRemoteSwiftPackageReference "SwiftKeychainWrapper" */,
			);
			preferredProjectObjectVersion = 77;
			productRefGroup = 0CCD17E62D98580E0025573D /* Products */;
			projectDirPath = "";
			projectRoot = "";
			targets = (
				0CCD17E42D98580E0025573D /* ImageFeed */,
				0C9B8BCD2DF5A06A00C29C43 /* Image FeedTests */,
				0C9B8BDE2DF5A54A00C29C43 /* Image FeedUITests */,
			);
		};
/* End PBXProject section */

/* Begin PBXResourcesBuildPhase section */
		0C9B8BCC2DF5A06A00C29C43 /* Resources */ = {
			isa = PBXResourcesBuildPhase;
			buildActionMask = 2147483647;
			files = (
			);
			runOnlyForDeploymentPostprocessing = 0;
		};
		0C9B8BDD2DF5A54A00C29C43 /* Resources */ = {
			isa = PBXResourcesBuildPhase;
			buildActionMask = 2147483647;
			files = (
			);
			runOnlyForDeploymentPostprocessing = 0;
		};
		0CCD17E32D98580E0025573D /* Resources */ = {
			isa = PBXResourcesBuildPhase;
			buildActionMask = 2147483647;
			files = (
			);
			runOnlyForDeploymentPostprocessing = 0;
		};
/* End PBXResourcesBuildPhase section */

/* Begin PBXSourcesBuildPhase section */
		0C9B8BCA2DF5A06A00C29C43 /* Sources */ = {
			isa = PBXSourcesBuildPhase;
			buildActionMask = 2147483647;
			files = (
			);
			runOnlyForDeploymentPostprocessing = 0;
		};
		0C9B8BDB2DF5A54A00C29C43 /* Sources */ = {
			isa = PBXSourcesBuildPhase;
			buildActionMask = 2147483647;
			files = (
			);
			runOnlyForDeploymentPostprocessing = 0;
		};
		0CCD17E12D98580E0025573D /* Sources */ = {
			isa = PBXSourcesBuildPhase;
			buildActionMask = 2147483647;
			files = (
			);
			runOnlyForDeploymentPostprocessing = 0;
		};
/* End PBXSourcesBuildPhase section */

/* Begin PBXTargetDependency section */
		0C9B8BD32DF5A06A00C29C43 /* PBXTargetDependency */ = {
			isa = PBXTargetDependency;
			target = 0CCD17E42D98580E0025573D /* ImageFeed */;
			targetProxy = 0C9B8BD22DF5A06A00C29C43 /* PBXContainerItemProxy */;
		};
		0C9B8BE62DF5A54A00C29C43 /* PBXTargetDependency */ = {
			isa = PBXTargetDependency;
			target = 0CCD17E42D98580E0025573D /* ImageFeed */;
			targetProxy = 0C9B8BE52DF5A54A00C29C43 /* PBXContainerItemProxy */;
		};
/* End PBXTargetDependency section */

/* Begin XCBuildConfiguration section */
		0C9B8BD52DF5A06A00C29C43 /* Debug */ = {
			isa = XCBuildConfiguration;
			buildSettings = {
				BUNDLE_LOADER = "$(TEST_HOST)";
				CODE_SIGN_STYLE = Automatic;
				CURRENT_PROJECT_VERSION = 1;
				DEVELOPMENT_TEAM = 2D24RXRJR5;
				GENERATE_INFOPLIST_FILE = YES;
				IPHONEOS_DEPLOYMENT_TARGET = 13.0;
				MARKETING_VERSION = 1.0;
				PRODUCT_BUNDLE_IDENTIFIER = "tlavrukhin.Image-FeedTests";
				PRODUCT_NAME = "$(TARGET_NAME)";
				SUPPORTED_PLATFORMS = "iphoneos iphonesimulator";
				SUPPORTS_MACCATALYST = NO;
				SWIFT_EMIT_LOC_STRINGS = NO;
				SWIFT_VERSION = 5.0;
				TARGETED_DEVICE_FAMILY = 1;
				TEST_HOST = "$(BUILT_PRODUCTS_DIR)/ImageFeed.app/$(BUNDLE_EXECUTABLE_FOLDER_PATH)/ImageFeed";
			};
			name = Debug;
		};
		0C9B8BD62DF5A06A00C29C43 /* Release */ = {
			isa = XCBuildConfiguration;
			buildSettings = {
				BUNDLE_LOADER = "$(TEST_HOST)";
				CODE_SIGN_STYLE = Automatic;
				CURRENT_PROJECT_VERSION = 1;
				DEVELOPMENT_TEAM = 2D24RXRJR5;
				GENERATE_INFOPLIST_FILE = YES;
				IPHONEOS_DEPLOYMENT_TARGET = 13.0;
				MARKETING_VERSION = 1.0;
				PRODUCT_BUNDLE_IDENTIFIER = "tlavrukhin.Image-FeedTests";
				PRODUCT_NAME = "$(TARGET_NAME)";
				SUPPORTED_PLATFORMS = "iphoneos iphonesimulator";
				SUPPORTS_MACCATALYST = NO;
				SWIFT_EMIT_LOC_STRINGS = NO;
				SWIFT_VERSION = 5.0;
				TARGETED_DEVICE_FAMILY = 1;
				TEST_HOST = "$(BUILT_PRODUCTS_DIR)/ImageFeed.app/$(BUNDLE_EXECUTABLE_FOLDER_PATH)/ImageFeed";
			};
			name = Release;
		};
		0C9B8BE82DF5A54A00C29C43 /* Debug */ = {
			isa = XCBuildConfiguration;
			buildSettings = {
				CODE_SIGN_STYLE = Automatic;
				CURRENT_PROJECT_VERSION = 1;
				DEVELOPMENT_TEAM = 2D24RXRJR5;
				GENERATE_INFOPLIST_FILE = YES;
				IPHONEOS_DEPLOYMENT_TARGET = 13.0;
				MARKETING_VERSION = 1.0;
				PRODUCT_BUNDLE_IDENTIFIER = "tlavrukhin.Image-FeedUITests";
				PRODUCT_NAME = "$(TARGET_NAME)";
				SUPPORTED_PLATFORMS = "iphoneos iphonesimulator";
				SUPPORTS_MACCATALYST = NO;
				SWIFT_EMIT_LOC_STRINGS = NO;
				SWIFT_VERSION = 5.0;
				TARGETED_DEVICE_FAMILY = 1;
				TEST_TARGET_NAME = ImageFeed;
			};
			name = Debug;
		};
		0C9B8BE92DF5A54A00C29C43 /* Release */ = {
			isa = XCBuildConfiguration;
			buildSettings = {
				CODE_SIGN_STYLE = Automatic;
				CURRENT_PROJECT_VERSION = 1;
				DEVELOPMENT_TEAM = 2D24RXRJR5;
				GENERATE_INFOPLIST_FILE = YES;
				IPHONEOS_DEPLOYMENT_TARGET = 13.0;
				MARKETING_VERSION = 1.0;
				PRODUCT_BUNDLE_IDENTIFIER = "tlavrukhin.Image-FeedUITests";
				PRODUCT_NAME = "$(TARGET_NAME)";
				SUPPORTED_PLATFORMS = "iphoneos iphonesimulator";
				SUPPORTS_MACCATALYST = NO;
				SWIFT_EMIT_LOC_STRINGS = NO;
				SWIFT_VERSION = 5.0;
				TARGETED_DEVICE_FAMILY = 1;
				TEST_TARGET_NAME = ImageFeed;
			};
			name = Release;
		};
		0CCD180F2D9858100025573D /* Debug */ = {
			isa = XCBuildConfiguration;
			buildSettings = {
				ASSETCATALOG_COMPILER_APPICON_NAME = AppIcon;
				ASSETCATALOG_COMPILER_GLOBAL_ACCENT_COLOR_NAME = AccentColor;
				CODE_SIGN_STYLE = Automatic;
				CURRENT_PROJECT_VERSION = 1;
				DEVELOPMENT_TEAM = 2D24RXRJR5;
				GENERATE_INFOPLIST_FILE = YES;
				INFOPLIST_FILE = ImageFeed/Info.plist;
				INFOPLIST_KEY_UIApplicationSupportsIndirectInputEvents = YES;
				INFOPLIST_KEY_UILaunchStoryboardName = LaunchScreen;
				INFOPLIST_KEY_UIMainStoryboardFile = Main;
				INFOPLIST_KEY_UISupportedInterfaceOrientations = UIInterfaceOrientationPortrait;
				INFOPLIST_KEY_UISupportedInterfaceOrientations_iPad = "UIInterfaceOrientationLandscapeLeft UIInterfaceOrientationLandscapeRight UIInterfaceOrientationPortrait UIInterfaceOrientationPortraitUpsideDown";
				IPHONEOS_DEPLOYMENT_TARGET = 13.0;
				LD_RUNPATH_SEARCH_PATHS = (
					"$(inherited)",
					"@executable_path/Frameworks",
				);
				MARKETING_VERSION = 1.0;
				PRODUCT_BUNDLE_IDENTIFIER = tlavrukhin.ImageFeed;
				PRODUCT_NAME = "$(TARGET_NAME)";
				SUPPORTED_PLATFORMS = "iphoneos iphonesimulator";
				SUPPORTS_MACCATALYST = NO;
				SWIFT_EMIT_LOC_STRINGS = YES;
				SWIFT_VERSION = 5.0;
				TARGETED_DEVICE_FAMILY = 1;
			};
			name = Debug;
		};
		0CCD18102D9858100025573D /* Release */ = {
			isa = XCBuildConfiguration;
			buildSettings = {
				ASSETCATALOG_COMPILER_APPICON_NAME = AppIcon;
				ASSETCATALOG_COMPILER_GLOBAL_ACCENT_COLOR_NAME = AccentColor;
				CODE_SIGN_STYLE = Automatic;
				CURRENT_PROJECT_VERSION = 1;
				DEVELOPMENT_TEAM = 2D24RXRJR5;
				GENERATE_INFOPLIST_FILE = YES;
				INFOPLIST_FILE = ImageFeed/Info.plist;
				INFOPLIST_KEY_UIApplicationSupportsIndirectInputEvents = YES;
				INFOPLIST_KEY_UILaunchStoryboardName = LaunchScreen;
				INFOPLIST_KEY_UIMainStoryboardFile = Main;
				INFOPLIST_KEY_UISupportedInterfaceOrientations = UIInterfaceOrientationPortrait;
				INFOPLIST_KEY_UISupportedInterfaceOrientations_iPad = "UIInterfaceOrientationLandscapeLeft UIInterfaceOrientationLandscapeRight UIInterfaceOrientationPortrait UIInterfaceOrientationPortraitUpsideDown";
				IPHONEOS_DEPLOYMENT_TARGET = 13.0;
				LD_RUNPATH_SEARCH_PATHS = (
					"$(inherited)",
					"@executable_path/Frameworks",
				);
				MARKETING_VERSION = 1.0;
				PRODUCT_BUNDLE_IDENTIFIER = tlavrukhin.ImageFeed;
				PRODUCT_NAME = "$(TARGET_NAME)";
				SUPPORTED_PLATFORMS = "iphoneos iphonesimulator";
				SUPPORTS_MACCATALYST = NO;
				SWIFT_EMIT_LOC_STRINGS = YES;
				SWIFT_VERSION = 5.0;
				TARGETED_DEVICE_FAMILY = 1;
			};
			name = Release;
		};
		0CCD18112D9858100025573D /* Debug */ = {
			isa = XCBuildConfiguration;
			buildSettings = {
				ALWAYS_SEARCH_USER_PATHS = NO;
				ASSETCATALOG_COMPILER_GENERATE_SWIFT_ASSET_SYMBOL_EXTENSIONS = YES;
				CLANG_ANALYZER_NONNULL = YES;
				CLANG_ANALYZER_NUMBER_OBJECT_CONVERSION = YES_AGGRESSIVE;
				CLANG_CXX_LANGUAGE_STANDARD = "gnu++20";
				CLANG_ENABLE_MODULES = YES;
				CLANG_ENABLE_OBJC_ARC = YES;
				CLANG_ENABLE_OBJC_WEAK = YES;
				CLANG_WARN_BLOCK_CAPTURE_AUTORELEASING = YES;
				CLANG_WARN_BOOL_CONVERSION = YES;
				CLANG_WARN_COMMA = YES;
				CLANG_WARN_CONSTANT_CONVERSION = YES;
				CLANG_WARN_DEPRECATED_OBJC_IMPLEMENTATIONS = YES;
				CLANG_WARN_DIRECT_OBJC_ISA_USAGE = YES_ERROR;
				CLANG_WARN_DOCUMENTATION_COMMENTS = YES;
				CLANG_WARN_EMPTY_BODY = YES;
				CLANG_WARN_ENUM_CONVERSION = YES;
				CLANG_WARN_INFINITE_RECURSION = YES;
				CLANG_WARN_INT_CONVERSION = YES;
				CLANG_WARN_NON_LITERAL_NULL_CONVERSION = YES;
				CLANG_WARN_OBJC_IMPLICIT_RETAIN_SELF = YES;
				CLANG_WARN_OBJC_LITERAL_CONVERSION = YES;
				CLANG_WARN_OBJC_ROOT_CLASS = YES_ERROR;
				CLANG_WARN_QUOTED_INCLUDE_IN_FRAMEWORK_HEADER = YES;
				CLANG_WARN_RANGE_LOOP_ANALYSIS = YES;
				CLANG_WARN_STRICT_PROTOTYPES = YES;
				CLANG_WARN_SUSPICIOUS_MOVE = YES;
				CLANG_WARN_UNGUARDED_AVAILABILITY = YES_AGGRESSIVE;
				CLANG_WARN_UNREACHABLE_CODE = YES;
				CLANG_WARN__DUPLICATE_METHOD_MATCH = YES;
				COPY_PHASE_STRIP = NO;
				DEBUG_INFORMATION_FORMAT = dwarf;
				ENABLE_STRICT_OBJC_MSGSEND = YES;
				ENABLE_TESTABILITY = YES;
				ENABLE_USER_SCRIPT_SANDBOXING = YES;
				GCC_C_LANGUAGE_STANDARD = gnu17;
				GCC_DYNAMIC_NO_PIC = NO;
				GCC_NO_COMMON_BLOCKS = YES;
				GCC_OPTIMIZATION_LEVEL = 0;
				GCC_PREPROCESSOR_DEFINITIONS = (
					"DEBUG=1",
					"$(inherited)",
				);
				GCC_WARN_64_TO_32_BIT_CONVERSION = YES;
				GCC_WARN_ABOUT_RETURN_TYPE = YES_ERROR;
				GCC_WARN_UNDECLARED_SELECTOR = YES;
				GCC_WARN_UNINITIALIZED_AUTOS = YES_AGGRESSIVE;
				GCC_WARN_UNUSED_FUNCTION = YES;
				GCC_WARN_UNUSED_VARIABLE = YES;
				IPHONEOS_DEPLOYMENT_TARGET = 13.0;
				LOCALIZATION_PREFERS_STRING_CATALOGS = YES;
				MTL_ENABLE_DEBUG_INFO = INCLUDE_SOURCE;
				MTL_FAST_MATH = YES;
				ONLY_ACTIVE_ARCH = YES;
				SDKROOT = iphoneos;
				SWIFT_ACTIVE_COMPILATION_CONDITIONS = "DEBUG $(inherited)";
				SWIFT_OPTIMIZATION_LEVEL = "-Onone";
			};
			name = Debug;
		};
		0CCD18122D9858100025573D /* Release */ = {
			isa = XCBuildConfiguration;
			buildSettings = {
				ALWAYS_SEARCH_USER_PATHS = NO;
				ASSETCATALOG_COMPILER_GENERATE_SWIFT_ASSET_SYMBOL_EXTENSIONS = YES;
				CLANG_ANALYZER_NONNULL = YES;
				CLANG_ANALYZER_NUMBER_OBJECT_CONVERSION = YES_AGGRESSIVE;
				CLANG_CXX_LANGUAGE_STANDARD = "gnu++20";
				CLANG_ENABLE_MODULES = YES;
				CLANG_ENABLE_OBJC_ARC = YES;
				CLANG_ENABLE_OBJC_WEAK = YES;
				CLANG_WARN_BLOCK_CAPTURE_AUTORELEASING = YES;
				CLANG_WARN_BOOL_CONVERSION = YES;
				CLANG_WARN_COMMA = YES;
				CLANG_WARN_CONSTANT_CONVERSION = YES;
				CLANG_WARN_DEPRECATED_OBJC_IMPLEMENTATIONS = YES;
				CLANG_WARN_DIRECT_OBJC_ISA_USAGE = YES_ERROR;
				CLANG_WARN_DOCUMENTATION_COMMENTS = YES;
				CLANG_WARN_EMPTY_BODY = YES;
				CLANG_WARN_ENUM_CONVERSION = YES;
				CLANG_WARN_INFINITE_RECURSION = YES;
				CLANG_WARN_INT_CONVERSION = YES;
				CLANG_WARN_NON_LITERAL_NULL_CONVERSION = YES;
				CLANG_WARN_OBJC_IMPLICIT_RETAIN_SELF = YES;
				CLANG_WARN_OBJC_LITERAL_CONVERSION = YES;
				CLANG_WARN_OBJC_ROOT_CLASS = YES_ERROR;
				CLANG_WARN_QUOTED_INCLUDE_IN_FRAMEWORK_HEADER = YES;
				CLANG_WARN_RANGE_LOOP_ANALYSIS = YES;
				CLANG_WARN_STRICT_PROTOTYPES = YES;
				CLANG_WARN_SUSPICIOUS_MOVE = YES;
				CLANG_WARN_UNGUARDED_AVAILABILITY = YES_AGGRESSIVE;
				CLANG_WARN_UNREACHABLE_CODE = YES;
				CLANG_WARN__DUPLICATE_METHOD_MATCH = YES;
				COPY_PHASE_STRIP = NO;
				DEBUG_INFORMATION_FORMAT = "dwarf-with-dsym";
				ENABLE_NS_ASSERTIONS = NO;
				ENABLE_STRICT_OBJC_MSGSEND = YES;
				ENABLE_USER_SCRIPT_SANDBOXING = YES;
				GCC_C_LANGUAGE_STANDARD = gnu17;
				GCC_NO_COMMON_BLOCKS = YES;
				GCC_WARN_64_TO_32_BIT_CONVERSION = YES;
				GCC_WARN_ABOUT_RETURN_TYPE = YES_ERROR;
				GCC_WARN_UNDECLARED_SELECTOR = YES;
				GCC_WARN_UNINITIALIZED_AUTOS = YES_AGGRESSIVE;
				GCC_WARN_UNUSED_FUNCTION = YES;
				GCC_WARN_UNUSED_VARIABLE = YES;
				IPHONEOS_DEPLOYMENT_TARGET = 13.0;
				LOCALIZATION_PREFERS_STRING_CATALOGS = YES;
				MTL_ENABLE_DEBUG_INFO = NO;
				MTL_FAST_MATH = YES;
				SDKROOT = iphoneos;
				SWIFT_COMPILATION_MODE = wholemodule;
				VALIDATE_PRODUCT = YES;
			};
			name = Release;
		};
/* End XCBuildConfiguration section */

/* Begin XCConfigurationList section */
		0C9B8BD42DF5A06A00C29C43 /* Build configuration list for PBXNativeTarget "Image FeedTests" */ = {
			isa = XCConfigurationList;
			buildConfigurations = (
				0C9B8BD52DF5A06A00C29C43 /* Debug */,
				0C9B8BD62DF5A06A00C29C43 /* Release */,
			);
			defaultConfigurationIsVisible = 0;
			defaultConfigurationName = Release;
		};
		0C9B8BE72DF5A54A00C29C43 /* Build configuration list for PBXNativeTarget "Image FeedUITests" */ = {
			isa = XCConfigurationList;
			buildConfigurations = (
				0C9B8BE82DF5A54A00C29C43 /* Debug */,
				0C9B8BE92DF5A54A00C29C43 /* Release */,
			);
			defaultConfigurationIsVisible = 0;
			defaultConfigurationName = Release;
		};
		0CCD17E02D98580E0025573D /* Build configuration list for PBXProject "ImageFeed" */ = {
			isa = XCConfigurationList;
			buildConfigurations = (
				0CCD18112D9858100025573D /* Debug */,
				0CCD18122D9858100025573D /* Release */,
			);
			defaultConfigurationIsVisible = 0;
			defaultConfigurationName = Release;
		};
		0CCD180E2D9858100025573D /* Build configuration list for PBXNativeTarget "ImageFeed" */ = {
			isa = XCConfigurationList;
			buildConfigurations = (
				0CCD180F2D9858100025573D /* Debug */,
				0CCD18102D9858100025573D /* Release */,
			);
			defaultConfigurationIsVisible = 0;
			defaultConfigurationName = Release;
		};
/* End XCConfigurationList section */

/* Begin XCRemoteSwiftPackageReference section */
		0C5D51082DE3BCA60091A166 /* XCRemoteSwiftPackageReference "Kingfisher" */ = {
			isa = XCRemoteSwiftPackageReference;
			repositoryURL = "https://github.com/onevcat/Kingfisher";
			requirement = {
				kind = upToNextMajorVersion;
				minimumVersion = 8.3.2;
			};
		};
		0C5D510B2DE4F2690091A166 /* XCRemoteSwiftPackageReference "SwiftKeychainWrapper" */ = {
			isa = XCRemoteSwiftPackageReference;
			repositoryURL = "https://github.com/jrendel/SwiftKeychainWrapper";
			requirement = {
				kind = upToNextMajorVersion;
				minimumVersion = 4.0.1;
			};
		};
		0C6971902DD2BD0700C33ACC /* XCRemoteSwiftPackageReference "ProgressHUD" */ = {
			isa = XCRemoteSwiftPackageReference;
			repositoryURL = "https://github.com/relatedcode/ProgressHUD";
			requirement = {
				kind = upToNextMajorVersion;
				minimumVersion = 14.1.3;
			};
		};
/* End XCRemoteSwiftPackageReference section */

/* Begin XCSwiftPackageProductDependency section */
		0C5D51092DE3BCA60091A166 /* Kingfisher */ = {
			isa = XCSwiftPackageProductDependency;
			package = 0C5D51082DE3BCA60091A166 /* XCRemoteSwiftPackageReference "Kingfisher" */;
			productName = Kingfisher;
		};
		0C5D510C2DE4F2690091A166 /* SwiftKeychainWrapper */ = {
			isa = XCSwiftPackageProductDependency;
			package = 0C5D510B2DE4F2690091A166 /* XCRemoteSwiftPackageReference "SwiftKeychainWrapper" */;
			productName = SwiftKeychainWrapper;
		};
		0C6971912DD2BD0700C33ACC /* ProgressHUD */ = {
			isa = XCSwiftPackageProductDependency;
			package = 0C6971902DD2BD0700C33ACC /* XCRemoteSwiftPackageReference "ProgressHUD" */;
			productName = ProgressHUD;
		};
		0C9B8C732DF63F5800C29C43 /* ProgressHUD */ = {
			isa = XCSwiftPackageProductDependency;
			package = 0C6971902DD2BD0700C33ACC /* XCRemoteSwiftPackageReference "ProgressHUD" */;
			productName = ProgressHUD;
		};
		0C9B8C752DF63F5C00C29C43 /* Kingfisher */ = {
			isa = XCSwiftPackageProductDependency;
			package = 0C5D51082DE3BCA60091A166 /* XCRemoteSwiftPackageReference "Kingfisher" */;
			productName = Kingfisher;
		};
		0C9B8C772DF63F5F00C29C43 /* SwiftKeychainWrapper */ = {
			isa = XCSwiftPackageProductDependency;
			package = 0C5D510B2DE4F2690091A166 /* XCRemoteSwiftPackageReference "SwiftKeychainWrapper" */;
			productName = SwiftKeychainWrapper;
		};
		0C9B8C7C2DF63F7E00C29C43 /* ProgressHUD */ = {
			isa = XCSwiftPackageProductDependency;
			package = 0C6971902DD2BD0700C33ACC /* XCRemoteSwiftPackageReference "ProgressHUD" */;
			productName = ProgressHUD;
		};
		0C9B8C7E2DF63F8100C29C43 /* Kingfisher */ = {
			isa = XCSwiftPackageProductDependency;
			package = 0C5D51082DE3BCA60091A166 /* XCRemoteSwiftPackageReference "Kingfisher" */;
			productName = Kingfisher;
		};
		0C9B8C802DF63F8400C29C43 /* SwiftKeychainWrapper */ = {
			isa = XCSwiftPackageProductDependency;
			package = 0C5D510B2DE4F2690091A166 /* XCRemoteSwiftPackageReference "SwiftKeychainWrapper" */;
			productName = SwiftKeychainWrapper;
		};
/* End XCSwiftPackageProductDependency section */
	};
	rootObject = 0CCD17DD2D98580E0025573D /* Project object */;
}
